{
  "name": "@yamanoku/switch-components",
  "version": "0.0.1",
  "lockfileVersion": 1,
  "requires": true,
  "dependencies": {
    "@ficusjs/core": {
      "version": "1.0.2",
      "resolved": "https://registry.npmjs.org/@ficusjs/core/-/core-1.0.2.tgz",
      "integrity": "sha512-fFSU3HWdj5bCLaYpb7+hWb6YfMDvjV4mY+Bik4cWkRXXkik8/zHKqDwZn+8g9l74RsRvoK3Au6+4wa1WPCAFvQ=="
    },
    "@ficusjs/event-bus": {
      "version": "1.0.0",
      "resolved": "https://registry.npmjs.org/@ficusjs/event-bus/-/event-bus-1.0.0.tgz",
      "integrity": "sha512-+7X2rJrkQ1bjHgMaCQvTmoDFMPFpvT/x+Qu/scfuCPepQZZNuaJolMNBP1h4BLhw3uX4cc1HMA8Q2TLpK1An0Q=="
    },
    "@ficusjs/renderers": {
      "version": "3.1.0",
      "resolved": "https://registry.npmjs.org/@ficusjs/renderers/-/renderers-3.1.0.tgz",
      "integrity": "sha512-KsLWHK0hm4/kNjm1wukkaIarYMZ1UsHZR82DZyHcurMVWd3KAiATKazoioHS6lYwpD/ZevLXPj0c+KSBt8F7ag=="
    },
    "@ficusjs/state": {
      "version": "1.1.1",
      "resolved": "https://registry.npmjs.org/@ficusjs/state/-/state-1.1.1.tgz",
      "integrity": "sha512-ra4trFhcL8vyMXcNk5onUsych6NMUc3lhREp7emCH8ayMPluyAqzTeCHpBHBSj1Z5cTn47sSpCZ7LD5QygitpA=="
    },
    "ficusjs": {
      "version": "3.5.0",
      "resolved": "https://registry.npmjs.org/ficusjs/-/ficusjs-3.5.0.tgz",
      "integrity": "sha512-Boc0PCk57x/yLrncyLGSiZ0kN9QqgwaWPCgC5K0NbCMNtZkWoJqhUuNssP015NfqEf8OwE56c6hUJirgSWnnKA==",
      "requires": {
        "@ficusjs/core": "1.0.2",
        "@ficusjs/event-bus": "1.0.0",
        "@ficusjs/renderers": "3.1.0",
        "@ficusjs/state": "1.1.1"
      }
    }
  }
}
